
Microsoft Visual Studio Solution File, Format Version 12.00
# Visual Studio Version 17
VisualStudioVersion = 17.9.34728.123
MinimumVisualStudioVersion = 10.0.40219.1
Project("{9A19103F-16F7-4668-BE54-9A1E7A4F7556}") = "TwoSum", "TwoSum\TwoSum.csproj", "{D56E90F2-E7B8-4E11-BCD5-380B6F280FF4}"
EndProject
Project("{9A19103F-16F7-4668-BE54-9A1E7A4F7556}") = "PalindromeNumber", "PalindromeNumber\PalindromeNumber.csproj", "{5014A632-9E0D-4F79-8164-462AEC3B7701}"
EndProject
Project("{9A19103F-16F7-4668-BE54-9A1E7A4F7556}") = "RomanToInteger", "RomanToInteger\RomanToInteger.csproj", "{FF85F54C-1297-4C4A-9991-74B3E6FB96B8}"
EndProject
Project("{9A19103F-16F7-4668-BE54-9A1E7A4F7556}") = "ValidParentheses", "ValidParentheses\ValidParentheses.csproj", "{B1B95D56-5DDC-4677-85D3-DB6D43A2ECFC}"
EndProject
Project("{9A19103F-16F7-4668-BE54-9A1E7A4F7556}") = "AddTwoSum", "AddTwoSum\AddTwoSum.csproj", "{D4C53156-916B-40D8-B0C9-F2F54DA09220}"
EndProject
Project("{9A19103F-16F7-4668-BE54-9A1E7A4F7556}") = "MergeTwoSortedLists", "MergeTwoSortedLists\MergeTwoSortedLists.csproj", "{2627320E-D875-4526-B0D6-1165753030F8}"
EndProject
Project("{9A19103F-16F7-4668-BE54-9A1E7A4F7556}") = "LengthOfLastWord", "LengthOfLastWord\LengthOfLastWord.csproj", "{76767C12-95CF-4178-8B86-70271E75C8E3}"
EndProject
Project("{9A19103F-16F7-4668-BE54-9A1E7A4F7556}") = "LongestCommonPrefix", "LongestCommonPrefix\LongestCommonPrefix.csproj", "{5111BBFA-33A3-4C4A-AF10-95A716DEB500}"
EndProject
Project("{9A19103F-16F7-4668-BE54-9A1E7A4F7556}") = "PascalsTriangle", "PascalsTriangle\PascalsTriangle.csproj", "{1060179D-6A53-41BD-AA79-A31AA910CBDD}"
EndProject
Project("{9A19103F-16F7-4668-BE54-9A1E7A4F7556}") = "Sqrt", "Sqrt\Sqrt.csproj", "{C1259AAD-3E14-4D7B-8607-ACD91A635DE2}"
EndProject
Project("{9A19103F-16F7-4668-BE54-9A1E7A4F7556}") = "ExcelSheetColumnTitle", "ExcelSheetColumnTitle\ExcelSheetColumnTitle.csproj", "{ED5F4DE5-5B1E-4F70-A11E-088A833F6067}"
EndProject
Project("{9A19103F-16F7-4668-BE54-9A1E7A4F7556}") = "ExcelSheetColumnNumber", "ExcelSheetColumnNumber\ExcelSheetColumnNumber.csproj", "{B312590E-E775-4DCB-ACF7-D89228273294}"
EndProject
Project("{9A19103F-16F7-4668-BE54-9A1E7A4F7556}") = "RemoveDuplicatesFromSortedArray", "RemoveDuplicatesFromSortedArray\RemoveDuplicatesFromSortedArray.csproj", "{9803DE49-2847-4050-B3FA-ABEA237CA505}"
EndProject
Project("{FAE04EC0-301F-11D3-BF4B-00C04F79EFBC}") = "BestTimeToBuyAndSellStock", "BestTimeToBuyAndSellStock\BestTimeToBuyAndSellStock.csproj", "{6BA533F9-48A1-4E0E-9130-844C4F48C6F1}"
EndProject
Global
	GlobalSection(SolutionConfigurationPlatforms) = preSolution
		Debug|Any CPU = Debug|Any CPU
		Release|Any CPU = Release|Any CPU
	EndGlobalSection
	GlobalSection(ProjectConfigurationPlatforms) = postSolution
		{D56E90F2-E7B8-4E11-BCD5-380B6F280FF4}.Debug|Any CPU.ActiveCfg = Debug|Any CPU
		{D56E90F2-E7B8-4E11-BCD5-380B6F280FF4}.Debug|Any CPU.Build.0 = Debug|Any CPU
		{D56E90F2-E7B8-4E11-BCD5-380B6F280FF4}.Release|Any CPU.ActiveCfg = Release|Any CPU
		{D56E90F2-E7B8-4E11-BCD5-380B6F280FF4}.Release|Any CPU.Build.0 = Release|Any CPU
		{5014A632-9E0D-4F79-8164-462AEC3B7701}.Debug|Any CPU.ActiveCfg = Debug|Any CPU
		{5014A632-9E0D-4F79-8164-462AEC3B7701}.Debug|Any CPU.Build.0 = Debug|Any CPU
		{5014A632-9E0D-4F79-8164-462AEC3B7701}.Release|Any CPU.ActiveCfg = Release|Any CPU
		{5014A632-9E0D-4F79-8164-462AEC3B7701}.Release|Any CPU.Build.0 = Release|Any CPU
		{FF85F54C-1297-4C4A-9991-74B3E6FB96B8}.Debug|Any CPU.ActiveCfg = Debug|Any CPU
		{FF85F54C-1297-4C4A-9991-74B3E6FB96B8}.Debug|Any CPU.Build.0 = Debug|Any CPU
		{FF85F54C-1297-4C4A-9991-74B3E6FB96B8}.Release|Any CPU.ActiveCfg = Release|Any CPU
		{FF85F54C-1297-4C4A-9991-74B3E6FB96B8}.Release|Any CPU.Build.0 = Release|Any CPU
		{B1B95D56-5DDC-4677-85D3-DB6D43A2ECFC}.Debug|Any CPU.ActiveCfg = Debug|Any CPU
		{B1B95D56-5DDC-4677-85D3-DB6D43A2ECFC}.Debug|Any CPU.Build.0 = Debug|Any CPU
		{B1B95D56-5DDC-4677-85D3-DB6D43A2ECFC}.Release|Any CPU.ActiveCfg = Release|Any CPU
		{B1B95D56-5DDC-4677-85D3-DB6D43A2ECFC}.Release|Any CPU.Build.0 = Release|Any CPU
		{D4C53156-916B-40D8-B0C9-F2F54DA09220}.Debug|Any CPU.ActiveCfg = Debug|Any CPU
		{D4C53156-916B-40D8-B0C9-F2F54DA09220}.Debug|Any CPU.Build.0 = Debug|Any CPU
		{D4C53156-916B-40D8-B0C9-F2F54DA09220}.Release|Any CPU.ActiveCfg = Release|Any CPU
		{D4C53156-916B-40D8-B0C9-F2F54DA09220}.Release|Any CPU.Build.0 = Release|Any CPU
		{2627320E-D875-4526-B0D6-1165753030F8}.Debug|Any CPU.ActiveCfg = Debug|Any CPU
		{2627320E-D875-4526-B0D6-1165753030F8}.Debug|Any CPU.Build.0 = Debug|Any CPU
		{2627320E-D875-4526-B0D6-1165753030F8}.Release|Any CPU.ActiveCfg = Release|Any CPU
		{2627320E-D875-4526-B0D6-1165753030F8}.Release|Any CPU.Build.0 = Release|Any CPU
		{76767C12-95CF-4178-8B86-70271E75C8E3}.Debug|Any CPU.ActiveCfg = Debug|Any CPU
		{76767C12-95CF-4178-8B86-70271E75C8E3}.Debug|Any CPU.Build.0 = Debug|Any CPU
		{76767C12-95CF-4178-8B86-70271E75C8E3}.Release|Any CPU.ActiveCfg = Release|Any CPU
		{76767C12-95CF-4178-8B86-70271E75C8E3}.Release|Any CPU.Build.0 = Release|Any CPU
		{5111BBFA-33A3-4C4A-AF10-95A716DEB500}.Debug|Any CPU.ActiveCfg = Debug|Any CPU
		{5111BBFA-33A3-4C4A-AF10-95A716DEB500}.Debug|Any CPU.Build.0 = Debug|Any CPU
		{5111BBFA-33A3-4C4A-AF10-95A716DEB500}.Release|Any CPU.ActiveCfg = Release|Any CPU
		{5111BBFA-33A3-4C4A-AF10-95A716DEB500}.Release|Any CPU.Build.0 = Release|Any CPU
		{1060179D-6A53-41BD-AA79-A31AA910CBDD}.Debug|Any CPU.ActiveCfg = Debug|Any CPU
		{1060179D-6A53-41BD-AA79-A31AA910CBDD}.Debug|Any CPU.Build.0 = Debug|Any CPU
		{1060179D-6A53-41BD-AA79-A31AA910CBDD}.Release|Any CPU.ActiveCfg = Release|Any CPU
		{1060179D-6A53-41BD-AA79-A31AA910CBDD}.Release|Any CPU.Build.0 = Release|Any CPU
		{C1259AAD-3E14-4D7B-8607-ACD91A635DE2}.Debug|Any CPU.ActiveCfg = Debug|Any CPU
		{C1259AAD-3E14-4D7B-8607-ACD91A635DE2}.Debug|Any CPU.Build.0 = Debug|Any CPU
		{C1259AAD-3E14-4D7B-8607-ACD91A635DE2}.Release|Any CPU.ActiveCfg = Release|Any CPU
		{C1259AAD-3E14-4D7B-8607-ACD91A635DE2}.Release|Any CPU.Build.0 = Release|Any CPU
		{ED5F4DE5-5B1E-4F70-A11E-088A833F6067}.Debug|Any CPU.ActiveCfg = Debug|Any CPU
		{ED5F4DE5-5B1E-4F70-A11E-088A833F6067}.Debug|Any CPU.Build.0 = Debug|Any CPU
		{ED5F4DE5-5B1E-4F70-A11E-088A833F6067}.Release|Any CPU.ActiveCfg = Release|Any CPU
		{ED5F4DE5-5B1E-4F70-A11E-088A833F6067}.Release|Any CPU.Build.0 = Release|Any CPU
		{B312590E-E775-4DCB-ACF7-D89228273294}.Debug|Any CPU.ActiveCfg = Debug|Any CPU
		{B312590E-E775-4DCB-ACF7-D89228273294}.Debug|Any CPU.Build.0 = Debug|Any CPU
		{B312590E-E775-4DCB-ACF7-D89228273294}.Release|Any CPU.ActiveCfg = Release|Any CPU
		{B312590E-E775-4DCB-ACF7-D89228273294}.Release|Any CPU.Build.0 = Release|Any CPU
		{9803DE49-2847-4050-B3FA-ABEA237CA505}.Debug|Any CPU.ActiveCfg = Debug|Any CPU
		{9803DE49-2847-4050-B3FA-ABEA237CA505}.Debug|Any CPU.Build.0 = Debug|Any CPU
		{9803DE49-2847-4050-B3FA-ABEA237CA505}.Release|Any CPU.ActiveCfg = Release|Any CPU
		{9803DE49-2847-4050-B3FA-ABEA237CA505}.Release|Any CPU.Build.0 = Release|Any CPU
		{6BA533F9-48A1-4E0E-9130-844C4F48C6F1}.Debug|Any CPU.ActiveCfg = Debug|Any CPU
		{6BA533F9-48A1-4E0E-9130-844C4F48C6F1}.Debug|Any CPU.Build.0 = Debug|Any CPU
		{6BA533F9-48A1-4E0E-9130-844C4F48C6F1}.Release|Any CPU.ActiveCfg = Release|Any CPU
		{6BA533F9-48A1-4E0E-9130-844C4F48C6F1}.Release|Any CPU.Build.0 = Release|Any CPU
	EndGlobalSection
	GlobalSection(SolutionProperties) = preSolution
		HideSolutionNode = FALSE
	EndGlobalSection
	GlobalSection(ExtensibilityGlobals) = postSolution
		SolutionGuid = {10336DD8-6630-4E43-9A03-2C4EC484B0FF}
	EndGlobalSection
EndGlobal
